
Microsoft Visual Studio Solution File, Format Version 12.00
# Visual Studio Version 17
VisualStudioVersion = 17.0.31903.59
MinimumVisualStudioVersion = 10.0.40219.1
Project("{FAE04EC0-301F-11D3-BF4B-00C04F79EFBC}") = "api", "api\api.csproj", "{DFF9A968-8364-45A6-99A1-02E09EBC4296}"
EndProject
Project("{FAE04EC0-301F-11D3-BF4B-00C04F79EFBC}") = "unitTests_NUnit", "unitTests_NUnit\unitTests_NUnit.csproj", "{3CEF8A30-85E6-452C-8249-35B73BE887B5}"
EndProject
Global
	GlobalSection(SolutionConfigurationPlatforms) = preSolution
		Debug|Any CPU = Debug|Any CPU
		Release|Any CPU = Release|Any CPU
	EndGlobalSection
	GlobalSection(SolutionProperties) = preSolution
		HideSolutionNode = FALSE
	EndGlobalSection
	GlobalSection(ProjectConfigurationPlatforms) = postSolution
		{DFF9A968-8364-45A6-99A1-02E09EBC4296}.Debug|Any CPU.ActiveCfg = Debug|Any CPU
		{DFF9A968-8364-45A6-99A1-02E09EBC4296}.Debug|Any CPU.Build.0 = Debug|Any CPU
		{DFF9A968-8364-45A6-99A1-02E09EBC4296}.Release|Any CPU.ActiveCfg = Release|Any CPU
		{DFF9A968-8364-45A6-99A1-02E09EBC4296}.Release|Any CPU.Build.0 = Release|Any CPU
		{3CEF8A30-85E6-452C-8249-35B73BE887B5}.Debug|Any CPU.ActiveCfg = Debug|Any CPU
		{3CEF8A30-85E6-452C-8249-35B73BE887B5}.Debug|Any CPU.Build.0 = Debug|Any CPU
		{3CEF8A30-85E6-452C-8249-35B73BE887B5}.Release|Any CPU.ActiveCfg = Release|Any CPU
		{3CEF8A30-85E6-452C-8249-35B73BE887B5}.Release|Any CPU.Build.0 = Release|Any CPU
	EndGlobalSection
EndGlobal
